[[package]]
category = "dev"
description = "A small Python module for determining appropriate platform-specific dirs, e.g. a \"user data dir\"."
name = "appdirs"
optional = false
python-versions = "*"
version = "1.4.4"

[[package]]
category = "dev"
description = "Bash tab completion for argparse"
name = "argcomplete"
optional = false
python-versions = "*"
version = "1.12.0"

[package.dependencies]
[package.dependencies.importlib-metadata]
python = ">=3.7,<3.8"
version = ">=0.23,<2"

[package.extras]
test = ["coverage", "flake8", "pexpect", "wheel"]

[[package]]
category = "main"
description = "Screen-scraping library"
name = "beautifulsoup4"
optional = false
python-versions = "*"
version = "4.4.0"

[package.extras]
html5lib = ["html5lib"]
lxml = ["lxml"]

[[package]]
category = "main"
description = "Python package for providing Mozilla's CA Bundle."
name = "certifi"
optional = false
python-versions = "*"
version = "2020.6.20"

[[package]]
category = "main"
description = "Universal encoding detector for Python 2 and 3"
name = "chardet"
optional = false
python-versions = "*"
version = "3.0.4"

[[package]]
category = "dev"
description = "Cross-platform colored terminal text."
marker = "sys_platform == \"win32\""
name = "colorama"
optional = false
python-versions = ">=2.7, !=3.0.*, !=3.1.*, !=3.2.*, !=3.3.*, !=3.4.*"
version = "0.4.3"

[[package]]
category = "dev"
description = "Log formatting with colors!"
name = "colorlog"
optional = false
python-versions = "*"
version = "4.2.1"

[package.dependencies]
colorama = "*"

[[package]]
category = "dev"
description = "Deep Difference and Search of any Python object/data."
name = "deepdiff"
optional = false
python-versions = "*"
version = "3.3.0"

[package.dependencies]
jsonpickle = "*"

[[package]]
category = "dev"
description = "Distribution utilities"
name = "distlib"
optional = false
python-versions = "*"
version = "0.3.1"

[[package]]
category = "dev"
description = "A platform independent file lock."
name = "filelock"
optional = false
python-versions = "*"
version = "3.0.12"

[[package]]
category = "main"
description = "Internationalized Domain Names in Applications (IDNA)"
name = "idna"
optional = false
python-versions = "*"
version = "2.7"

[[package]]
category = "dev"
description = "Read metadata from Python packages"
name = "importlib-metadata"
optional = false
python-versions = "!=3.0.*,!=3.1.*,!=3.2.*,!=3.3.*,!=3.4.*,>=2.7"
version = "1.7.0"

[package.dependencies]
zipp = ">=0.5"

[package.extras]
docs = ["sphinx", "rst.linker"]
testing = ["packaging", "pep517", "importlib-resources (>=1.3)"]

[[package]]
category = "dev"
description = "Python library for serializing any arbitrary object graph into JSON"
name = "jsonpickle"
optional = false
python-versions = ">=2.7"
version = "1.4.1"

[package.dependencies]
importlib-metadata = "*"

[package.extras]
docs = ["sphinx", "jaraco.packaging (>=3.2)", "rst.linker (>=1.9)"]
testing = ["coverage (<5)", "pytest (>=3.5,<3.7.3 || >3.7.3)", "pytest-checkdocs (>=1.2.3)", "pytest-flake8", "pytest-black-multipy", "pytest-cov", "ecdsa", "feedparser", "numpy", "pandas", "pymongo", "sqlalchemy", "enum34", "jsonlib"]
"testing.libs" = ["demjson", "simplejson", "ujson", "yajl"]

[[package]]
category = "main"
description = "MWParserFromHell is a parser for MediaWiki wikicode."
name = "mwparserfromhell"
optional = false
python-versions = "*"
version = "0.5.4"

[[package]]
category = "dev"
description = "Flexible test automation."
name = "nox"
optional = false
python-versions = ">=3.5"
version = "2020.8.22"

[package.dependencies]
argcomplete = ">=1.9.4,<2.0"
colorlog = ">=2.6.1,<5.0.0"
py = ">=1.4.0,<2.0.0"
virtualenv = ">=14.0.0"

[package.dependencies.importlib-metadata]
python = "<3.8"
version = "*"

[package.extras]
tox_to_nox = ["jinja2", "tox"]

[[package]]
category = "dev"
description = "Parameterized testing with any Python test framework"
name = "parameterized"
optional = false
python-versions = "*"
version = "0.7.4"

[package.extras]
dev = ["jinja2"]

[[package]]
category = "dev"
description = "library with cross-python path, ini-parsing, io, code, log facilities"
name = "py"
optional = false
python-versions = ">=2.7, !=3.0.*, !=3.1.*, !=3.2.*, !=3.3.*"
version = "1.9.0"

[[package]]
category = "main"
description = "Python HTTP for Humans."
name = "requests"
optional = false
python-versions = ">=2.7, !=3.0.*, !=3.1.*, !=3.2.*, !=3.3.*"
version = "2.20.0"

[package.dependencies]
certifi = ">=2017.4.17"
chardet = ">=3.0.2,<3.1.0"
idna = ">=2.5,<2.8"
urllib3 = ">=1.21.1,<1.25"

[package.extras]
security = ["pyOpenSSL (>=0.14)", "cryptography (>=1.3.4)", "idna (>=2.0.0)"]
socks = ["PySocks (>=1.5.6,<1.5.7 || >1.5.7)", "win-inet-pton"]

[[package]]
category = "dev"
description = "Python 2 and 3 compatibility utilities"
name = "six"
optional = false
python-versions = ">=2.7, !=3.0.*, !=3.1.*, !=3.2.*"
version = "1.15.0"

[[package]]
category = "main"
description = "HTTP library with thread-safe connection pooling, file post, and more."
name = "urllib3"
optional = false
python-versions = ">=2.7, !=3.0.*, !=3.1.*, !=3.2.*, !=3.3.*, <4"
version = "1.24.3"

[package.extras]
secure = ["pyOpenSSL (>=0.14)", "cryptography (>=1.3.4)", "idna (>=2.0.0)", "certifi", "ipaddress"]
socks = ["PySocks (>=1.5.6,<1.5.7 || >1.5.7,<2.0)"]

[[package]]
category = "dev"
description = "Virtual Python Environment builder"
name = "virtualenv"
optional = false
python-versions = "!=3.0.*,!=3.1.*,!=3.2.*,!=3.3.*,>=2.7"
version = "20.0.31"

[package.dependencies]
appdirs = ">=1.4.3,<2"
distlib = ">=0.3.1,<1"
filelock = ">=3.0.0,<4"
six = ">=1.9.0,<2"

[package.dependencies.importlib-metadata]
python = "<3.8"
version = ">=0.12,<2"

[package.extras]
docs = ["proselint (>=0.10.2)", "sphinx (>=3)", "sphinx-argparse (>=0.2.5)", "sphinx-rtd-theme (>=0.4.3)", "towncrier (>=19.9.0rc1)"]
testing = ["coverage (>=5)", "coverage-enable-subprocess (>=1)", "flaky (>=3)", "pytest (>=4)", "pytest-env (>=0.6.2)", "pytest-freezegun (>=0.4.1)", "pytest-mock (>=2)", "pytest-randomly (>=1)", "pytest-timeout (>=1)", "pytest-xdist (>=1.31.0)", "packaging (>=20.0)", "xonsh (>=0.9.16)"]

[[package]]
category = "dev"
description = "Backport of pathlib-compatible object wrapper for zip files"
name = "zipp"
optional = false
python-versions = ">=3.6"
version = "3.1.0"

[package.extras]
docs = ["sphinx", "jaraco.packaging (>=3.2)", "rst.linker (>=1.9)"]
testing = ["jaraco.itertools", "func-timeout"]

[metadata]
content-hash = "e72cdb9fc829d6ab699aee6bcda3d0130cb0c4341ce23d00bbf1db9e4f95957d"
lock-version = "1.0"
python-versions = "^3.7"

[metadata.files]
appdirs = [
    {file = "appdirs-1.4.4-py2.py3-none-any.whl", hash = "sha256:a841dacd6b99318a741b166adb07e19ee71a274450e68237b4650ca1055ab128"},
    {file = "appdirs-1.4.4.tar.gz", hash = "sha256:7d5d0167b2b1ba821647616af46a749d1c653740dd0d2415100fe26e27afdf41"},
]
argcomplete = [
    {file = "argcomplete-1.12.0-py2.py3-none-any.whl", hash = "sha256:91dc7f9c7f6281d5a0dce5e73d2e33283aaef083495c13974a7dd197a1cdc949"},
    {file = "argcomplete-1.12.0.tar.gz", hash = "sha256:2fbe5ed09fd2c1d727d4199feca96569a5b50d44c71b16da9c742201f7cc295c"},
]
beautifulsoup4 = [
    {file = "beautifulsoup4-4.4.0-py2-none-any.whl", hash = "sha256:b702721f8722c94fbd2fbdfb42183c4b5b3d8871186b92a8898e2dfe4869aadb"},
    {file = "beautifulsoup4-4.4.0-py3-none-any.whl", hash = "sha256:a43204aaee0ef590a6073470f094564ddef6aca5f68c143c99262f8b4923af8c"},
    {file = "beautifulsoup4-4.4.0.tar.gz", hash = "sha256:fad91da88f69438b9ba939ab1b2cabaa31b1d914f1cccb4bb157a993ed2917f6"},
]
certifi = [
    {file = "certifi-2020.6.20-py2.py3-none-any.whl", hash = "sha256:8fc0819f1f30ba15bdb34cceffb9ef04d99f420f68eb75d901e9560b8749fc41"},
    {file = "certifi-2020.6.20.tar.gz", hash = "sha256:5930595817496dd21bb8dc35dad090f1c2cd0adfaf21204bf6732ca5d8ee34d3"},
]
chardet = [
    {file = "chardet-3.0.4-py2.py3-none-any.whl", hash = "sha256:fc323ffcaeaed0e0a02bf4d117757b98aed530d9ed4531e3e15460124c106691"},
    {file = "chardet-3.0.4.tar.gz", hash = "sha256:84ab92ed1c4d4f16916e05906b6b75a6c0fb5db821cc65e70cbd64a3e2a5eaae"},
]
colorama = [
    {file = "colorama-0.4.3-py2.py3-none-any.whl", hash = "sha256:7d73d2a99753107a36ac6b455ee49046802e59d9d076ef8e47b61499fa29afff"},
    {file = "colorama-0.4.3.tar.gz", hash = "sha256:e96da0d330793e2cb9485e9ddfd918d456036c7149416295932478192f4436a1"},
]
colorlog = [
    {file = "colorlog-4.2.1-py2.py3-none-any.whl", hash = "sha256:43597fd822ce705190fc997519342fdaaf44b9b47f896ece7aa153ed4b909c74"},
    {file = "colorlog-4.2.1.tar.gz", hash = "sha256:75e55822c3a3387d721579241e776de2cf089c9ef9528b1f09e8b04d403ad118"},
]
deepdiff = [
    {file = "deepdiff-3.3.0-py2-none-any.whl", hash = "sha256:b4150052e610b231885c4c0be3eea86e4c029df91550ec51b9fc14dd209a5055"},
    {file = "deepdiff-3.3.0-py3-none-any.whl", hash = "sha256:152b29dd9cd97cc78403121fb394925ec47377d4a410751e56547c3930ba2b39"},
    {file = "deepdiff-3.3.0.tar.gz", hash = "sha256:ecad8e16a96ffd27e8f40c9801a6ab16ec6a7e7e6e6859a7710ba4695f22702c"},
]
distlib = [
    {file = "distlib-0.3.1-py2.py3-none-any.whl", hash = "sha256:8c09de2c67b3e7deef7184574fc060ab8a793e7adbb183d942c389c8b13c52fb"},
    {file = "distlib-0.3.1.zip", hash = "sha256:edf6116872c863e1aa9d5bb7cb5e05a022c519a4594dc703843343a9ddd9bff1"},
]
filelock = [
    {file = "filelock-3.0.12-py3-none-any.whl", hash = "sha256:929b7d63ec5b7d6b71b0fa5ac14e030b3f70b75747cef1b10da9b879fef15836"},
    {file = "filelock-3.0.12.tar.gz", hash = "sha256:18d82244ee114f543149c66a6e0c14e9c4f8a1044b5cdaadd0f82159d6a6ff59"},
]
idna = [
    {file = "idna-2.7-py2.py3-none-any.whl", hash = "sha256:156a6814fb5ac1fc6850fb002e0852d56c0c8d2531923a51032d1b70760e186e"},
    {file = "idna-2.7.tar.gz", hash = "sha256:684a38a6f903c1d71d6d5fac066b58d7768af4de2b832e426ec79c30daa94a16"},
]
importlib-metadata = [
    {file = "importlib_metadata-1.7.0-py2.py3-none-any.whl", hash = "sha256:dc15b2969b4ce36305c51eebe62d418ac7791e9a157911d58bfb1f9ccd8e2070"},
    {file = "importlib_metadata-1.7.0.tar.gz", hash = "sha256:90bb658cdbbf6d1735b6341ce708fc7024a3e14e99ffdc5783edea9f9b077f83"},
]
jsonpickle = [
    {file = "jsonpickle-1.4.1-py2.py3-none-any.whl", hash = "sha256:8919c166bac0574e3d74425c7559434062002d9dfc0ac2afa6dc746ba4a19439"},
    {file = "jsonpickle-1.4.1.tar.gz", hash = "sha256:e8d4b7cd0bd6826001a74377df1079a76ad8bae0f909282de2554164c837c8ba"},
]
mwparserfromhell = [
    {file = "mwparserfromhell-0.5.4-cp27-cp27m-win32.whl", hash = "sha256:fb7000b444d11f850992dc7cb31c1d89fa544a28ab7f983a8aca3af29af5ea00"},
    {file = "mwparserfromhell-0.5.4-cp27-cp27m-win_amd64.whl", hash = "sha256:b101d457343c948588de5c292267b273de7632227a47e564e5ab80a3b10c4df3"},
    {file = "mwparserfromhell-0.5.4-cp34-cp34m-win32.whl", hash = "sha256:dda8bc7807b5b77acebc5ea0699f0c95ca9a8d8151a36a2121d6affcfcdfcf87"},
    {file = "mwparserfromhell-0.5.4-cp34-cp34m-win_amd64.whl", hash = "sha256:78cf0686ea762ff06ede4d52af05abc9981fba881d8d6f1325d6b34fe3e5d295"},
    {file = "mwparserfromhell-0.5.4-cp35-cp35m-win32.whl", hash = "sha256:e1419c058cd4f644cc58af9ea13304d415d6d282a7b64beb5226ee3c25eb2cbf"},
    {file = "mwparserfromhell-0.5.4-cp35-cp35m-win_amd64.whl", hash = "sha256:301e7742c769be6a2dedc287be2ca6724b5e85ed6aadc788fc2ba0a17d11f509"},
    {file = "mwparserfromhell-0.5.4-cp36-cp36m-win32.whl", hash = "sha256:049b4de541f0e03c0d9b745e9482fcd72637661ac8af7f924a7005bd46a4e551"},
    {file = "mwparserfromhell-0.5.4-cp36-cp36m-win_amd64.whl", hash = "sha256:696381fb96682a37655a8dfc35393d60433622e65618fd9e003cc81cb6e10554"},
    {file = "mwparserfromhell-0.5.4-cp37-cp37m-win32.whl", hash = "sha256:6377696e0fe0e12bdf9b94eeb2625edd3f30e373c72c593986c85eba60184575"},
    {file = "mwparserfromhell-0.5.4-cp37-cp37m-win_amd64.whl", hash = "sha256:2df9222bc5fc8f82ad68a3dd06ee38bde47eff521c4315b32523938ed834c3a4"},
    {file = "mwparserfromhell-0.5.4.tar.gz", hash = "sha256:aaf5416ab9b75e99e286f8a4216f77a2f7d834afd4c8f81731e701e59bf99305"},
]
nox = [
    {file = "nox-2020.8.22-py3-none-any.whl", hash = "sha256:55f8cab16bcfaaea08b141c83bf2b7c779e943518d0de6cd9c38cd8da95d11ea"},
    {file = "nox-2020.8.22.tar.gz", hash = "sha256:efa5adcf1134012f96bcd0a496ccebd4c9e9da53a831888a2a779462440eebcf"},
]
parameterized = [
    {file = "parameterized-0.7.4-py2.py3-none-any.whl", hash = "sha256:59ab908e31c01505a987a2be78854e19cb1630c047bbab7848169c371d614d56"},
    {file = "parameterized-0.7.4.tar.gz", hash = "sha256:190f8cc7230eee0b56b30d7f074fd4d165f7c45e6077582d0813c8557e738490"},
]
py = [
    {file = "py-1.9.0-py2.py3-none-any.whl", hash = "sha256:366389d1db726cd2fcfc79732e75410e5fe4d31db13692115529d34069a043c2"},
    {file = "py-1.9.0.tar.gz", hash = "sha256:9ca6883ce56b4e8da7e79ac18787889fa5206c79dcc67fb065376cd2fe03f342"},
]
requests = [
    {file = "requests-2.20.0-py2.py3-none-any.whl", hash = "sha256:a84b8c9ab6239b578f22d1c21d51b696dcfe004032bb80ea832398d6909d7279"},
    {file = "requests-2.20.0.tar.gz", hash = "sha256:99dcfdaaeb17caf6e526f32b6a7b780461512ab3f1d992187801694cba42770c"},
]
six = [
    {file = "six-1.15.0-py2.py3-none-any.whl", hash = "sha256:8b74bedcbbbaca38ff6d7491d76f2b06b3592611af620f8426e82dddb04a5ced"},
    {file = "six-1.15.0.tar.gz", hash = "sha256:30639c035cdb23534cd4aa2dd52c3bf48f06e5f4a941509c8bafd8ce11080259"},
]
urllib3 = [
    {file = "urllib3-1.24.3-py2.py3-none-any.whl", hash = "sha256:a637e5fae88995b256e3409dc4d52c2e2e0ba32c42a6365fee8bbd2238de3cfb"},
    {file = "urllib3-1.24.3.tar.gz", hash = "sha256:2393a695cd12afedd0dcb26fe5d50d0cf248e5a66f75dbd89a3d4eb333a61af4"},
]
virtualenv = [
    {file = "virtualenv-20.0.31-py2.py3-none-any.whl", hash = "sha256:e0305af10299a7fb0d69393d8f04cb2965dda9351140d11ac8db4e5e3970451b"},
    {file = "virtualenv-20.0.31.tar.gz", hash = "sha256:43add625c53c596d38f971a465553f6318decc39d98512bc100fa1b1e839c8dc"},
]
zipp = [
    {file = "zipp-3.1.0-py3-none-any.whl", hash = "sha256:aa36550ff0c0b7ef7fa639055d797116ee891440eac1a56f378e2d3179e0320b"},
    {file = "zipp-3.1.0.tar.gz", hash = "sha256:c599e4d75c98f6798c509911d08a22e6c021d074469042177c8c86fb92eefd96"},
]
